
Microsoft Visual Studio Solution File, Format Version 12.00
# Visual Studio Version 17
VisualStudioVersion = 17.0.32112.339
MinimumVisualStudioVersion = 10.0.40219.1
Project("{FAE04EC0-301F-11D3-BF4B-00C04F79EFBC}") = "BookStoreApi", "BookStoreApi\BookStoreApi.csproj", "{316E64D2-5931-4D24-B2D8-6F71E585D284}"
EndProject
Project("{E53339B2-1760-4266-BCC7-CA923CBCF16C}") = "docker-compose", "docker-compose.dcproj", "{37C494BF-8B77-4200-B20C-B2E92FAA903F}"
EndProject
Global
	GlobalSection(SolutionConfigurationPlatforms) = preSolution
		Debug|Any CPU = Debug|Any CPU
		Release|Any CPU = Release|Any CPU
	EndGlobalSection
	GlobalSection(ProjectConfigurationPlatforms) = postSolution
		{316E64D2-5931-4D24-B2D8-6F71E585D284}.Debug|Any CPU.ActiveCfg = Debug|Any CPU
		{316E64D2-5931-4D24-B2D8-6F71E585D284}.Debug|Any CPU.Build.0 = Debug|Any CPU
		{316E64D2-5931-4D24-B2D8-6F71E585D284}.Release|Any CPU.ActiveCfg = Release|Any CPU
		{316E64D2-5931-4D24-B2D8-6F71E585D284}.Release|Any CPU.Build.0 = Release|Any CPU
		{37C494BF-8B77-4200-B20C-B2E92FAA903F}.Debug|Any CPU.ActiveCfg = Debug|Any CPU
		{37C494BF-8B77-4200-B20C-B2E92FAA903F}.Debug|Any CPU.Build.0 = Debug|Any CPU
		{37C494BF-8B77-4200-B20C-B2E92FAA903F}.Release|Any CPU.ActiveCfg = Release|Any CPU
		{37C494BF-8B77-4200-B20C-B2E92FAA903F}.Release|Any CPU.Build.0 = Release|Any CPU
	EndGlobalSection
	GlobalSection(SolutionProperties) = preSolution
		HideSolutionNode = FALSE
	EndGlobalSection
	GlobalSection(ExtensibilityGlobals) = postSolution
		SolutionGuid = {6C68D489-92EA-44F0-9602-59D1DC2723BF}
	EndGlobalSection
EndGlobal
